// !$*UTF8*$!
{ archiveVersion = 1; classes = {}; objectVersion = 56; objects = {
AC0921000000000000000001 = { isa = PBXFileReference; lastKnownFileType = text.xml; path = "GemSteps/PrivacyInfo.xcprivacy"; sourceTree = SOURCE_ROOT; };
AC0921000000000000000002 = { isa = PBXBuildFile; fileRef = AC0921000000000000000001; };
CATA10900000000000000001 = { isa = PBXFileReference; lastKnownFileType = sourcecode.swift; path = "GemSteps/Views/CatalogManagementView.swift"; sourceTree = SOURCE_ROOT; };
CATA10900000000000000011 = { isa = PBXBuildFile; fileRef = CATA10900000000000000001; };
CATA10900000000000000000 = { isa = PBXFileReference; lastKnownFileType = sourcecode.swift; path = "GemSteps/Models/UserCatalog.swift"; sourceTree = SOURCE_ROOT; };
CATA10900000000000000010 = { isa = PBXBuildFile; fileRef = CATA10900000000000000000; };
ABCDEF123456789000000001 = { isa = PBXFileReference; lastKnownFileType = text.json.xcstrings; path = "GemSteps/Localizable.xcstrings"; sourceTree = SOURCE_ROOT; };
ABCDEF123456789000000002 = { isa = PBXBuildFile; fileRef = ABCDEF123456789000000001; };
ABCDEF123456789000000003 = { isa = PBXFileReference; lastKnownFileType = sourcecode.swift; path = "GemSteps/AppLanguage.swift"; sourceTree = SOURCE_ROOT; };
ABCDEF123456789000000004 = { isa = PBXBuildFile; fileRef = ABCDEF123456789000000003; };
FB092C7FA72934BBB36B6F4B = { isa = PBXFileReference; lastKnownFileType = sourcecode.swift; path = "GemSteps/AppState.swift"; sourceTree = SOURCE_ROOT; };
0C61D2ECCE5776A534C86353 = { isa = PBXBuildFile; fileRef = FB092C7FA72934BBB36B6F4B; };
9D1773F3A3154380313D8757 = { isa = PBXFileReference; lastKnownFileType = sourcecode.swift; path = "GemSteps/GemStepsApp.swift"; sourceTree = SOURCE_ROOT; };
BB35D1F1873B5E36ADAB7AEE = { isa = PBXBuildFile; fileRef = 9D1773F3A3154380313D8757; };
407A2150F2B27FFE624946AC = { isa = PBXFileReference; lastKnownFileType = sourcecode.swift; path = "GemSteps/LocalStore.swift"; sourceTree = SOURCE_ROOT; };
D51DD545950E58ECFEE96AE9 = { isa = PBXBuildFile; fileRef = 407A2150F2B27FFE624946AC; };
5DC78F63947B3E6D6D85B836 = { isa = PBXFileReference; lastKnownFileType = sourcecode.swift; path = "GemSteps/Models/Catalog.swift"; sourceTree = SOURCE_ROOT; };
E04066412F6574FAD8E72C8D = { isa = PBXBuildFile; fileRef = 5DC78F63947B3E6D6D85B836; };
899A9B2352C753E21EB30F9B = { isa = PBXFileReference; lastKnownFileType = sourcecode.swift; path = "GemSteps/Models/PointEntry.swift"; sourceTree = SOURCE_ROOT; };
360E3F8231B37B9312BDC2BE = { isa = PBXBuildFile; fileRef = 899A9B2352C753E21EB30F9B; };
6D09B53722121075D2709942 = { isa = PBXFileReference; lastKnownFileType = sourcecode.swift; path = "GemSteps/Models/PointsState.swift"; sourceTree = SOURCE_ROOT; };
A1437F08B74325405C2B5FDE = { isa = PBXBuildFile; fileRef = 6D09B53722121075D2709942; };
A5C8B420DDE67014B0F26345 = { isa = PBXFileReference; lastKnownFileType = sourcecode.swift; path = "GemSteps/PointSound.swift"; sourceTree = SOURCE_ROOT; };
103DD93FB36649454EB615E8 = { isa = PBXBuildFile; fileRef = A5C8B420DDE67014B0F26345; };
1C7CB3C9D8472215D03EF183 = { isa = PBXFileReference; lastKnownFileType = sourcecode.swift; path = "GemSteps/Views/AdjustmentView.swift"; sourceTree = SOURCE_ROOT; };
B2A0925CAAE181D165766139 = { isa = PBXBuildFile; fileRef = 1C7CB3C9D8472215D03EF183; };
527FF3A8C059FF7A1FB91D65 = { isa = PBXFileReference; lastKnownFileType = sourcecode.swift; path = "GemSteps/Views/CelebrationView.swift"; sourceTree = SOURCE_ROOT; };
4EC36767E242F318B1181BA7 = { isa = PBXBuildFile; fileRef = 527FF3A8C059FF7A1FB91D65; };
04D0EB403CB6F4743148A0F2 = { isa = PBXFileReference; lastKnownFileType = sourcecode.swift; path = "GemSteps/Views/PointCard.swift"; sourceTree = SOURCE_ROOT; };
8342AE13720525364E790E74 = { isa = PBXBuildFile; fileRef = 04D0EB403CB6F4743148A0F2; };
2BEE8CFF2DEE61A1F3883310 = { isa = PBXFileReference; lastKnownFileType = sourcecode.swift; path = "GemSteps/Views/PointsView.swift"; sourceTree = SOURCE_ROOT; };
6041C67A0BE984B76CE339C0 = { isa = PBXBuildFile; fileRef = 2BEE8CFF2DEE61A1F3883310; };
CB6B13756F8CF907DCB333AB = { isa = PBXFileReference; lastKnownFileType = folder.assetcatalog; path = "GemSteps/Assets.xcassets"; sourceTree = SOURCE_ROOT; };
B1864C1CE6FB29E5510E11D2 = { isa = PBXBuildFile; fileRef = CB6B13756F8CF907DCB333AB; };
354A29E6BFD667AE89D31112 = { isa = PBXFileReference; lastKnownFileType = audio.wav; path = "GemSteps/Resources/Audio/points-earned.wav"; sourceTree = SOURCE_ROOT; };
99DDF2544F5EBE84A4DE3639 = { isa = PBXBuildFile; fileRef = 354A29E6BFD667AE89D31112; };
251F53B502A3E95D08A43D8B = { isa = PBXFileReference; lastKnownFileType = audio.wav; path = "GemSteps/Resources/Audio/reward-complete.wav"; sourceTree = SOURCE_ROOT; };
01D5E3BAF4E117BE557FEA31 = { isa = PBXBuildFile; fileRef = 251F53B502A3E95D08A43D8B; };
9A57632D065CEE4E98752540 = { isa = PBXFileReference; lastKnownFileType = sourcecode.swift; path = "GemStepsTests/PointsTests.swift"; sourceTree = SOURCE_ROOT; };
BD42B692B6C405F93D1B78B0 = { isa = PBXBuildFile; fileRef = 9A57632D065CEE4E98752540; };
DB8789BDFA3D39C3AC1177A1 = { isa = PBXFileReference; lastKnownFileType = sourcecode.swift; path = "GemStepsTests/LocalStoreTests.swift"; sourceTree = SOURCE_ROOT; };
F1CE1D6A4E0AE5D6AFCC8701 = { isa = PBXBuildFile; fileRef = DB8789BDFA3D39C3AC1177A1; };
BE7E1D0445B8638E9F94D853 = { isa = PBXFileReference; explicitFileType = wrapper.application; path = GemSteps.app; sourceTree = BUILT_PRODUCTS_DIR; };
E05FCB614AB36FDEE72EE1F2 = { isa = PBXFileReference; explicitFileType = wrapper.cfbundle; path = GemStepsTests.xctest; sourceTree = BUILT_PRODUCTS_DIR; };
FBDC4F23F93125BBEEAE800C = { isa = PBXGroup; children = (BE7E1D0445B8638E9F94D853, E05FCB614AB36FDEE72EE1F2,); name = Products; sourceTree = "<group>"; };
B28B7AF69320201D1CF206EB = { isa = PBXGroup; children = (CATA10900000000000000001,CATA10900000000000000000,ABCDEF123456789000000003,ABCDEF123456789000000001,FB092C7FA72934BBB36B6F4B,9D1773F3A3154380313D8757,407A2150F2B27FFE624946AC,5DC78F63947B3E6D6D85B836,899A9B2352C753E21EB30F9B,6D09B53722121075D2709942,A5C8B420DDE67014B0F26345,1C7CB3C9D8472215D03EF183,527FF3A8C059FF7A1FB91D65,04D0EB403CB6F4743148A0F2,2BEE8CFF2DEE61A1F3883310,CB6B13756F8CF907DCB333AB,354A29E6BFD667AE89D31112,251F53B502A3E95D08A43D8B,9A57632D065CEE4E98752540,DB8789BDFA3D39C3AC1177A1,FBDC4F23F93125BBEEAE800C,); sourceTree = "<group>"; };
BCE16DD0260827ECF338C787 = { isa = PBXSourcesBuildPhase; buildActionMask = 2147483647; files = (CATA10900000000000000011,CATA10900000000000000010,ABCDEF123456789000000004,0C61D2ECCE5776A534C86353,BB35D1F1873B5E36ADAB7AEE,D51DD545950E58ECFEE96AE9,E04066412F6574FAD8E72C8D,360E3F8231B37B9312BDC2BE,A1437F08B74325405C2B5FDE,103DD93FB36649454EB615E8,B2A0925CAAE181D165766139,4EC36767E242F318B1181BA7,8342AE13720525364E790E74,6041C67A0BE984B76CE339C0,); runOnlyForDeploymentPostprocessing = 0; };
0189424A5A60FED329FA868E = { isa = PBXResourcesBuildPhase; buildActionMask = 2147483647; files = (AC0921000000000000000002,ABCDEF123456789000000002,B1864C1CE6FB29E5510E11D2,99DDF2544F5EBE84A4DE3639,01D5E3BAF4E117BE557FEA31,); runOnlyForDeploymentPostprocessing = 0; };
7561BFB015D8F536760CB671 = { isa = PBXFrameworksBuildPhase; buildActionMask = 2147483647; files = (); runOnlyForDeploymentPostprocessing = 0; };
9F3002A5D69B22D357A58AA9 = { isa = PBXSourcesBuildPhase; buildActionMask = 2147483647; files = (BD42B692B6C405F93D1B78B0,F1CE1D6A4E0AE5D6AFCC8701,); runOnlyForDeploymentPostprocessing = 0; };
99C7943D90D870A50ADE9160 = { isa = PBXFrameworksBuildPhase; buildActionMask = 2147483647; files = (); runOnlyForDeploymentPostprocessing = 0; };
89E1FD6268CC0F221A2BE178 = { isa = XCBuildConfiguration; buildSettings = {SWIFT_VERSION = 5.0; IPHONEOS_DEPLOYMENT_TARGET = 17.0; SDKROOT = iphoneos; TARGETED_DEVICE_FAMILY = "1,2"; CLANG_ENABLE_MODULES = YES; SWIFT_OPTIMIZATION_LEVEL = "-Onone"; SWIFT_ACTIVE_COMPILATION_CONDITIONS = "DEBUG $(inherited)"; ENABLE_TESTABILITY = YES;}; name = Debug; };
E6DE6C99132752C914FEF632 = { isa = XCBuildConfiguration; buildSettings = {SWIFT_VERSION = 5.0; IPHONEOS_DEPLOYMENT_TARGET = 17.0; SDKROOT = iphoneos; TARGETED_DEVICE_FAMILY = "1,2"; CLANG_ENABLE_MODULES = YES; SWIFT_OPTIMIZATION_LEVEL = "-O";}; name = Release; };
862894B703A6DEDF96A9DD6C = { isa = XCConfigurationList; buildConfigurations = (89E1FD6268CC0F221A2BE178,E6DE6C99132752C914FEF632,); defaultConfigurationIsVisible = 0; defaultConfigurationName = Release; };
E9B2E96ABC5F6856F2BE79CF = { isa = XCBuildConfiguration; buildSettings = {SWIFT_VERSION = 5.0; IPHONEOS_DEPLOYMENT_TARGET = 17.0; SDKROOT = iphoneos; TARGETED_DEVICE_FAMILY = "1,2"; CLANG_ENABLE_MODULES = YES; SWIFT_OPTIMIZATION_LEVEL = "-Onone"; SWIFT_ACTIVE_COMPILATION_CONDITIONS = "DEBUG $(inherited)"; ENABLE_TESTABILITY = YES; GENERATE_INFOPLIST_FILE = YES; PRODUCT_NAME = "$(TARGET_NAME)"; CODE_SIGN_STYLE = Automatic; DEVELOPMENT_TEAM = 6NFS3QF8P3; INFOPLIST_KEY_ITSAppUsesNonExemptEncryption = NO; PRODUCT_BUNDLE_IDENTIFIER = me.gordon.GemSteps; SUPPORTED_PLATFORMS = "iphoneos iphonesimulator"; INFOPLIST_KEY_UIApplicationSceneManifest_Generation = YES; INFOPLIST_KEY_UILaunchScreen_Generation = YES; INFOPLIST_KEY_UIApplicationSupportsIndirectInputEvents = YES; INFOPLIST_KEY_UISupportedInterfaceOrientations = "UIInterfaceOrientationPortrait UIInterfaceOrientationLandscapeLeft UIInterfaceOrientationLandscapeRight"; INFOPLIST_KEY_UISupportedInterfaceOrientations_iPad = "UIInterfaceOrientationPortrait UIInterfaceOrientationPortraitUpsideDown UIInterfaceOrientationLandscapeLeft UIInterfaceOrientationLandscapeRight"; ASSETCATALOG_COMPILER_APPICON_NAME = AppIcon; INFOPLIST_KEY_CFBundleDisplayName = GemSteps; MARKETING_VERSION = 1.0; CURRENT_PROJECT_VERSION = 1; SWIFT_EMIT_LOC_STRINGS = NO;}; name = Debug; };
5A8C91857F674E16E2724F47 = { isa = XCBuildConfiguration; buildSettings = {SWIFT_VERSION = 5.0; IPHONEOS_DEPLOYMENT_TARGET = 17.0; SDKROOT = iphoneos; TARGETED_DEVICE_FAMILY = "1,2"; CLANG_ENABLE_MODULES = YES; SWIFT_OPTIMIZATION_LEVEL = "-O"; GENERATE_INFOPLIST_FILE = YES; PRODUCT_NAME = "$(TARGET_NAME)"; CODE_SIGN_STYLE = Automatic; DEVELOPMENT_TEAM = 6NFS3QF8P3; INFOPLIST_KEY_ITSAppUsesNonExemptEncryption = NO; PRODUCT_BUNDLE_IDENTIFIER = me.gordon.GemSteps; SUPPORTED_PLATFORMS = "iphoneos iphonesimulator"; INFOPLIST_KEY_UIApplicationSceneManifest_Generation = YES; INFOPLIST_KEY_UILaunchScreen_Generation = YES; INFOPLIST_KEY_UIApplicationSupportsIndirectInputEvents = YES; INFOPLIST_KEY_UISupportedInterfaceOrientations = "UIInterfaceOrientationPortrait UIInterfaceOrientationLandscapeLeft UIInterfaceOrientationLandscapeRight"; INFOPLIST_KEY_UISupportedInterfaceOrientations_iPad = "UIInterfaceOrientationPortrait UIInterfaceOrientationPortraitUpsideDown UIInterfaceOrientationLandscapeLeft UIInterfaceOrientationLandscapeRight"; ASSETCATALOG_COMPILER_APPICON_NAME = AppIcon; INFOPLIST_KEY_CFBundleDisplayName = GemSteps; MARKETING_VERSION = 1.0; CURRENT_PROJECT_VERSION = 1; SWIFT_EMIT_LOC_STRINGS = NO;}; name = Release; };
F37922C48DA5978D02C9E50E = { isa = XCConfigurationList; buildConfigurations = (E9B2E96ABC5F6856F2BE79CF,5A8C91857F674E16E2724F47,); defaultConfigurationIsVisible = 0; defaultConfigurationName = Release; };
0F3D67935A4F199E058A017A = { isa = XCBuildConfiguration; buildSettings = {SWIFT_VERSION = 5.0; IPHONEOS_DEPLOYMENT_TARGET = 17.0; SDKROOT = iphoneos; TARGETED_DEVICE_FAMILY = "1,2"; CLANG_ENABLE_MODULES = YES; SWIFT_OPTIMIZATION_LEVEL = "-Onone"; SWIFT_ACTIVE_COMPILATION_CONDITIONS = "DEBUG $(inherited)"; ENABLE_TESTABILITY = YES; GENERATE_INFOPLIST_FILE = YES; PRODUCT_NAME = "$(TARGET_NAME)"; CODE_SIGN_STYLE = Automatic; DEVELOPMENT_TEAM = 6NFS3QF8P3; INFOPLIST_KEY_ITSAppUsesNonExemptEncryption = NO; PRODUCT_BUNDLE_IDENTIFIER = me.gordon.GemSteps.tests; SUPPORTED_PLATFORMS = "iphoneos iphonesimulator"; BUNDLE_LOADER = "$(TEST_HOST)"; TEST_HOST = "$(BUILT_PRODUCTS_DIR)/GemSteps.app/$(BUNDLE_EXECUTABLE_FOLDER_PATH)/GemSteps";}; name = Debug; };
20B70E15FDC36C625E57F658 = { isa = XCBuildConfiguration; buildSettings = {SWIFT_VERSION = 5.0; IPHONEOS_DEPLOYMENT_TARGET = 17.0; SDKROOT = iphoneos; TARGETED_DEVICE_FAMILY = "1,2"; CLANG_ENABLE_MODULES = YES; SWIFT_OPTIMIZATION_LEVEL = "-O"; GENERATE_INFOPLIST_FILE = YES; PRODUCT_NAME = "$(TARGET_NAME)"; CODE_SIGN_STYLE = Automatic; DEVELOPMENT_TEAM = 6NFS3QF8P3; INFOPLIST_KEY_ITSAppUsesNonExemptEncryption = NO; PRODUCT_BUNDLE_IDENTIFIER = me.gordon.GemSteps.tests; SUPPORTED_PLATFORMS = "iphoneos iphonesimulator"; BUNDLE_LOADER = "$(TEST_HOST)"; TEST_HOST = "$(BUILT_PRODUCTS_DIR)/GemSteps.app/$(BUNDLE_EXECUTABLE_FOLDER_PATH)/GemSteps";}; name = Release; };
61AF5D6BEA2D148C6F2833BF = { isa = XCConfigurationList; buildConfigurations = (0F3D67935A4F199E058A017A,20B70E15FDC36C625E57F658,); defaultConfigurationIsVisible = 0; defaultConfigurationName = Release; };
D799BAE6088A90139B415FCC = { isa = PBXContainerItemProxy; containerPortal = 98F54143AB4E86B28C3AFEE0; proxyType = 1; remoteGlobalIDString = 7D1043473D55BFA90E8530D3; remoteInfo = GemSteps; };
DE58E2B17C19600779694943 = { isa = PBXTargetDependency; target = 7D1043473D55BFA90E8530D3; targetProxy = D799BAE6088A90139B415FCC; };
7D1043473D55BFA90E8530D3 = { isa = PBXNativeTarget; buildConfigurationList = F37922C48DA5978D02C9E50E; buildPhases = (BCE16DD0260827ECF338C787,7561BFB015D8F536760CB671,0189424A5A60FED329FA868E,); buildRules = (); dependencies = (); name = GemSteps; productName = GemSteps; productReference = BE7E1D0445B8638E9F94D853; productType = "com.apple.product-type.application"; };
04D13FD0AA6F0197CF2C9990 = { isa = PBXNativeTarget; buildConfigurationList = 61AF5D6BEA2D148C6F2833BF; buildPhases = (9F3002A5D69B22D357A58AA9,99C7943D90D870A50ADE9160,); buildRules = (); dependencies = (DE58E2B17C19600779694943,); name = GemStepsTests; productName = GemStepsTests; productReference = E05FCB614AB36FDEE72EE1F2; productType = "com.apple.product-type.bundle.unit-test"; };
98F54143AB4E86B28C3AFEE0 = { isa = PBXProject; attributes = { BuildIndependentTargetsInParallel = YES; LastUpgradeCheck = 1600; }; buildConfigurationList = 862894B703A6DEDF96A9DD6C; compatibilityVersion = "Xcode 14.0"; developmentRegion = en; hasScannedForEncodings = 0; knownRegions = (en, "zh-Hans", Base,); mainGroup = B28B7AF69320201D1CF206EB; productRefGroup = FBDC4F23F93125BBEEAE800C; projectDirPath = ""; projectRoot = ""; targets = (7D1043473D55BFA90E8530D3,04D13FD0AA6F0197CF2C9990,); };
}; rootObject = 98F54143AB4E86B28C3AFEE0; }
